{
  "name": "test-files-in-defer-folder",
  "version": "0.1.0",
  "lockfileVersion": 3,
  "requires": true,
  "packages": {
    "": {
      "name": "test-files-in-defer-folder",
      "version": "0.1.0",
      "dependencies": {
        "@defer/client": "^1.11.0"
      }
    },
    "node_modules/@defer/client": {
      "version": "1.11.0",
      "resolved": "https://registry.npmjs.org/@defer/client/-/client-1.11.0.tgz",
      "integrity": "sha512-yAOlEMtcL3LppfTau7gTeYIdpm18y0SIF3FKbl46gk7D69u7ND0N/5y57v3xw8NeDx/7z1XPbE6t/wTw66Rx+g==",
      "dependencies": {
        "parse-duration": "^1.1.0"
      },
      "engines": {
        "node": ">=18"
      }
    },
    "node_modules/parse-duration": {
      "version": "1.1.0",
      "resolved": "https://registry.npmjs.org/parse-duration/-/parse-duration-1.1.0.tgz",
      "integrity": "sha512-z6t9dvSJYaPoQq7quMzdEagSFtpGu+utzHqqxmpVWNNZRIXnvqyCvn9XsTdh7c/w0Bqmdz3RB3YnRaKtpRtEXQ=="
    }
  }
}
